{
  "name": "compress_image",
  "version": "1.0.0",
  "lockfileVersion": 1,
  "requires": true,
  "dependencies": {
    "commander": {
      "version": "1.1.1",
      "resolved": "http://npm.dev.sh.ctripcorp.com:8001/commander/download/commander-1.1.1.tgz",
      "integrity": "sha1-UNFlGGiuYOzP8KLZ80WVN2vGsEE=",
      "requires": {
        "keypress": "0.1.0"
      }
    },
    "cross-env": {
      "version": "5.0.1",
      "resolved": "http://npm.dev.sh.ctripcorp.com:8001/cross-env/download/cross-env-5.0.1.tgz",
      "integrity": "sha1-/05y6kO0faJIa0On8gQ7JgnkSRM=",
      "requires": {
        "cross-spawn": "5.1.0",
        "is-windows": "1.0.1"
      }
    },
    "cross-spawn": {
      "version": "5.1.0",
      "resolved": "http://npm.dev.sh.ctripcorp.com:8001/cross-spawn/download/cross-spawn-5.1.0.tgz",
      "integrity": "sha1-6L0O/uWPz/b4+UUQoKVUu/ojVEk=",
      "requires": {
        "lru-cache": "4.1.1",
        "shebang-command": "1.2.0",
        "which": "1.2.14"
      }
    },
    "image-size": {
      "version": "0.6.1",
      "resolved": "http://npm.dev.sh.ctripcorp.com:8001/image-size/download/image-size-0.6.1.tgz",
      "integrity": "sha1-mBIqVi1Z3MCX7xssgZGGbrj11mM="
    },
    "is-windows": {
      "version": "1.0.1",
      "resolved": "http://npm.dev.sh.ctripcorp.com:8001/is-windows/download/is-windows-1.0.1.tgz",
      "integrity": "sha1-MQ23D3QtJZoWo2kgK1GvhCMzENk="
    },
    "isexe": {
      "version": "2.0.0",
      "resolved": "http://npm.dev.sh.ctripcorp.com:8001/isexe/download/isexe-2.0.0.tgz",
      "integrity": "sha1-6PvzdNxVb/iUehDcsFctYz8s+hA="
    },
    "keypress": {
      "version": "0.1.0",
      "resolved": "http://npm.dev.sh.ctripcorp.com:8001/keypress/download/keypress-0.1.0.tgz",
      "integrity": "sha1-SjGI1CkbZrT2XtuZ+AaqmuKTWSo="
    },
    "lru-cache": {
      "version": "4.1.1",
      "resolved": "http://npm.dev.sh.ctripcorp.com:8001/lru-cache/download/lru-cache-4.1.1.tgz",
      "integrity": "sha1-Yi4y6CSItJJ5EUpPns9F581rulU=",
      "requires": {
        "pseudomap": "1.0.2",
        "yallist": "2.1.2"
      }
    },
    "nan": {
      "version": "2.3.5",
      "resolved": "http://npm.dev.sh.ctripcorp.com:8001/nan/download/nan-2.3.5.tgz",
      "integrity": "sha1-gioNwmYpDOTNOhIoLKPn42Rmigg=",
      "optional": true
    },
    "nodejieba": {
      "version": "2.2.5",
      "resolved": "http://npm.dev.sh.ctripcorp.com:8001/nodejieba/download/nodejieba-2.2.5.tgz",
      "integrity": "sha1-ghRBpoP60l69LI3eFAHdQ9vrAno=",
      "optional": true,
      "requires": {
        "nan": "2.3.5"
      }
    },
    "object-assign": {
      "version": "4.1.1",
      "resolved": "http://npm.dev.sh.ctripcorp.com:8001/object-assign/download/object-assign-4.1.1.tgz",
      "integrity": "sha1-IQmtx5ZYh8/AXLvUQsrIv7s2CGM="
    },
    "pinyin": {
      "version": "2.8.3",
      "resolved": "http://npm.dev.sh.ctripcorp.com:8001/pinyin/download/pinyin-2.8.3.tgz",
      "integrity": "sha1-MBzLQ1jM/oAlI8S9ZAphK+5NfEs=",
      "requires": {
        "commander": "1.1.1",
        "nodejieba": "2.2.5",
        "object-assign": "4.1.1"
      }
    },
    "promise-nodeify": {
      "version": "1.0.1",
      "resolved": "http://npm.dev.sh.ctripcorp.com:8001/promise-nodeify/download/promise-nodeify-1.0.1.tgz",
      "integrity": "sha1-BeeMzhYvkwId0oXGba3Ditqq44w="
    },
    "proxying-agent": {
      "version": "2.1.1",
      "resolved": "http://npm.dev.sh.ctripcorp.com:8001/proxying-agent/download/proxying-agent-2.1.1.tgz",
      "integrity": "sha1-vdhGrmUs5JC3aZANS7KlIlRjrQo="
    },
    "pseudomap": {
      "version": "1.0.2",
      "resolved": "http://npm.dev.sh.ctripcorp.com:8001/pseudomap/download/pseudomap-1.0.2.tgz",
      "integrity": "sha1-8FKijacOYYkX7wqKw0wa5aaChrM="
    },
    "shebang-command": {
      "version": "1.2.0",
      "resolved": "http://npm.dev.sh.ctripcorp.com:8001/shebang-command/download/shebang-command-1.2.0.tgz",
      "integrity": "sha1-RKrGW2lbAzmJaMOfNj/uXer98eo=",
      "requires": {
        "shebang-regex": "1.0.0"
      }
    },
    "shebang-regex": {
      "version": "1.0.0",
      "resolved": "http://npm.dev.sh.ctripcorp.com:8001/shebang-regex/download/shebang-regex-1.0.0.tgz",
      "integrity": "sha1-2kL0l0DAtC2yypcoVxyxkMmO/qM="
    },
    "tinify": {
      "version": "1.5.0",
      "resolved": "http://npm.dev.sh.ctripcorp.com:8001/tinify/download/tinify-1.5.0.tgz",
      "integrity": "sha1-a6LqfognyEXSY947RvTbe61VWSA=",
      "requires": {
        "promise-nodeify": "1.0.1",
        "proxying-agent": "2.1.1"
      }
    },
    "which": {
      "version": "1.2.14",
      "resolved": "http://npm.dev.sh.ctripcorp.com:8001/which/download/which-1.2.14.tgz",
      "integrity": "sha1-mofEN48D6CfOyvGs31bHNsAcFOU=",
      "requires": {
        "isexe": "2.0.0"
      }
    },
    "yallist": {
      "version": "2.1.2",
      "resolved": "http://npm.dev.sh.ctripcorp.com:8001/yallist/download/yallist-2.1.2.tgz",
      "integrity": "sha1-HBH5IY8HYImkfdUS+TxmmaaoHVI="
    }
  }
}
